Microsoft Visual Studio Solution File, Format Version 12.00
# Visual Studio 2013
VisualStudioVersion = 12.0.31101.0
MinimumVisualStudioVersion = 10.0.40219.1
Project("{2150E333-8FDC-42A3-9474-1A3956D46DE8}") = ".paket", ".paket", "{63297B98-5CED-492C-A5B7-A5B4F73CF142}"
	ProjectSection(SolutionItems) = preProject
		..\paket.dependencies = ..\paket.dependencies
		..\paket.lock = ..\paket.lock
	EndProjectSection
EndProject
Project("{2150E333-8FDC-42A3-9474-1A3956D46DE8}") = "project", "project", "{BF60BC93-E09B-4E5F-9D85-95A519479D54}"
	ProjectSection(SolutionItems) = preProject
		..\buildConfig.fsx = ..\buildConfig.fsx
		..\CONTRIBUTING.md = ..\CONTRIBUTING.md
		..\README.md = ..\README.md
	EndProjectSection
EndProject
Project("{2150E333-8FDC-42A3-9474-1A3956D46DE8}") = "tests", "tests", "{ED8079DD-2B06-4030-9F0F-DC548F98E1C4}"
EndProject
Project("{F2A71F9B-5D33-465A-A702-920D77279786}") = "Test.Yaaf.FSharp.Helper", "test\Test.Yaaf.FSharp.Helper\Test.Yaaf.FSharp.Helper.fsproj", "{005A35E8-3F9C-405A-B5CE-44516B5E724D}"
EndProject
Project("{2150E333-8FDC-42A3-9474-1A3956D46DE8}") = "doc", "doc", "{1572AB1D-0D26-476E-AEE8-4D4D37CE8033}"
	ProjectSection(SolutionItems) = preProject
		..\doc\DevelopReadme.md = ..\doc\DevelopReadme.md
		..\doc\ReleaseNotes.md = ..\doc\ReleaseNotes.md
	EndProjectSection
EndProject
Project("{F2A71F9B-5D33-465A-A702-920D77279786}") = "Yaaf.FSharp.Helper", "source\Yaaf.FSharp.Helper\Yaaf.FSharp.Helper.fsproj", "{38B85F98-90C9-4FA8-851F-096DE04BB3B1}"
EndProject
Global
	GlobalSection(SolutionConfigurationPlatforms) = preSolution
		Debug|Any CPU = Debug|Any CPU
		Release|Any CPU = Release|Any CPU
	EndGlobalSection
	GlobalSection(ProjectConfigurationPlatforms) = postSolution
		{005A35E8-3F9C-405A-B5CE-44516B5E724D}.Debug|Any CPU.ActiveCfg = Debug|Any CPU
		{005A35E8-3F9C-405A-B5CE-44516B5E724D}.Debug|Any CPU.Build.0 = Debug|Any CPU
		{005A35E8-3F9C-405A-B5CE-44516B5E724D}.Release|Any CPU.ActiveCfg = Release|Any CPU
		{005A35E8-3F9C-405A-B5CE-44516B5E724D}.Release|Any CPU.Build.0 = Release|Any CPU
		{38B85F98-90C9-4FA8-851F-096DE04BB3B1}.Debug|Any CPU.ActiveCfg = Debug|Any CPU
		{38B85F98-90C9-4FA8-851F-096DE04BB3B1}.Debug|Any CPU.Build.0 = Debug|Any CPU
		{38B85F98-90C9-4FA8-851F-096DE04BB3B1}.Release|Any CPU.ActiveCfg = Release|Any CPU
		{38B85F98-90C9-4FA8-851F-096DE04BB3B1}.Release|Any CPU.Build.0 = Release|Any CPU
	EndGlobalSection
	GlobalSection(SolutionProperties) = preSolution
		HideSolutionNode = FALSE
	EndGlobalSection
	GlobalSection(NestedProjects) = preSolution
		{005A35E8-3F9C-405A-B5CE-44516B5E724D} = {ED8079DD-2B06-4030-9F0F-DC548F98E1C4}
	EndGlobalSection
EndGlobal
